
Microsoft Visual Studio Solution File, Format Version 12.00
# Visual Studio Version 17
VisualStudioVersion = 17.10.35201.131
MinimumVisualStudioVersion = 10.0.40219.1
Project("{11A8DD76-328B-46DF-9F39-F559912D0360}") = "nanoFramework.IoT.TestStream", "nanoFramework.IoT.TestStream\nanoFramework.IoT.TestStream.nfproj", "{A717FDE9-1F16-42B4-97A0-A44789B26F82}"
EndProject
Project("{11A8DD76-328B-46DF-9F39-F559912D0360}") = "UnitTestStream", "UnitTestStream\UnitTestStream.nfproj", "{E67CCAA2-F61D-4E4C-8D22-4A41E80692D8}"
EndProject
Project("{11A8DD76-328B-46DF-9F39-F559912D0360}") = "ApplicationTestStream", "ApplicationTestStream\ApplicationTestStream.nfproj", "{31A425F4-8770-408D-9AA1-7B80BC1CF84F}"
EndProject
Global
	GlobalSection(SolutionConfigurationPlatforms) = preSolution
		Debug|Any CPU = Debug|Any CPU
		Release|Any CPU = Release|Any CPU
	EndGlobalSection
	GlobalSection(ProjectConfigurationPlatforms) = postSolution
		{A717FDE9-1F16-42B4-97A0-A44789B26F82}.Debug|Any CPU.ActiveCfg = Debug|Any CPU
		{A717FDE9-1F16-42B4-97A0-A44789B26F82}.Debug|Any CPU.Build.0 = Debug|Any CPU
		{A717FDE9-1F16-42B4-97A0-A44789B26F82}.Debug|Any CPU.Deploy.0 = Debug|Any CPU
		{A717FDE9-1F16-42B4-97A0-A44789B26F82}.Release|Any CPU.ActiveCfg = Release|Any CPU
		{A717FDE9-1F16-42B4-97A0-A44789B26F82}.Release|Any CPU.Build.0 = Release|Any CPU
		{A717FDE9-1F16-42B4-97A0-A44789B26F82}.Release|Any CPU.Deploy.0 = Release|Any CPU
		{E67CCAA2-F61D-4E4C-8D22-4A41E80692D8}.Debug|Any CPU.ActiveCfg = Debug|Any CPU
		{E67CCAA2-F61D-4E4C-8D22-4A41E80692D8}.Debug|Any CPU.Build.0 = Debug|Any CPU
		{E67CCAA2-F61D-4E4C-8D22-4A41E80692D8}.Debug|Any CPU.Deploy.0 = Debug|Any CPU
		{E67CCAA2-F61D-4E4C-8D22-4A41E80692D8}.Release|Any CPU.ActiveCfg = Release|Any CPU
		{E67CCAA2-F61D-4E4C-8D22-4A41E80692D8}.Release|Any CPU.Build.0 = Release|Any CPU
		{E67CCAA2-F61D-4E4C-8D22-4A41E80692D8}.Release|Any CPU.Deploy.0 = Release|Any CPU
		{31A425F4-8770-408D-9AA1-7B80BC1CF84F}.Debug|Any CPU.ActiveCfg = Debug|Any CPU
		{31A425F4-8770-408D-9AA1-7B80BC1CF84F}.Debug|Any CPU.Build.0 = Debug|Any CPU
		{31A425F4-8770-408D-9AA1-7B80BC1CF84F}.Debug|Any CPU.Deploy.0 = Debug|Any CPU
		{31A425F4-8770-408D-9AA1-7B80BC1CF84F}.Release|Any CPU.ActiveCfg = Release|Any CPU
		{31A425F4-8770-408D-9AA1-7B80BC1CF84F}.Release|Any CPU.Build.0 = Release|Any CPU
		{31A425F4-8770-408D-9AA1-7B80BC1CF84F}.Release|Any CPU.Deploy.0 = Release|Any CPU
	EndGlobalSection
	GlobalSection(SolutionProperties) = preSolution
		HideSolutionNode = FALSE
	EndGlobalSection
	GlobalSection(ExtensibilityGlobals) = postSolution
		SolutionGuid = {9315C06F-8998-44C0-A23E-0F73D1F67FB0}
	EndGlobalSection
EndGlobal
